
Microsoft Visual Studio Solution File, Format Version 12.00
# Visual Studio Version 16
VisualStudioVersion = 16.0.32901.82
MinimumVisualStudioVersion = 10.0.40219.1
Project("{FAE04EC0-301F-11D3-BF4B-00C04F79EFBC}") = "Homwork8.2", "Homwork8.2\Homwork8.2.csproj", "{25809484-D385-4ABF-A967-0385D1D3813B}"
EndProject
Global
	GlobalSection(SolutionConfigurationPlatforms) = preSolution
		Debug|Any CPU = Debug|Any CPU
		Release|Any CPU = Release|Any CPU
	EndGlobalSection
	GlobalSection(ProjectConfigurationPlatforms) = postSolution
		{25809484-D385-4ABF-A967-0385D1D3813B}.Debug|Any CPU.ActiveCfg = Debug|Any CPU
		{25809484-D385-4ABF-A967-0385D1D3813B}.Debug|Any CPU.Build.0 = Debug|Any CPU
		{25809484-D385-4ABF-A967-0385D1D3813B}.Release|Any CPU.ActiveCfg = Release|Any CPU
		{25809484-D385-4ABF-A967-0385D1D3813B}.Release|Any CPU.Build.0 = Release|Any CPU
	EndGlobalSection
	GlobalSection(SolutionProperties) = preSolution
		HideSolutionNode = FALSE
	EndGlobalSection
	GlobalSection(ExtensibilityGlobals) = postSolution
		SolutionGuid = {544AC6EB-14BA-4FC4-B38A-FD4C8EC61AA9}
	EndGlobalSection
EndGlobal
